
Microsoft Visual Studio Solution File, Format Version 12.00
# Visual Studio 14
VisualStudioVersion = 14.0.25420.1
MinimumVisualStudioVersion = 10.0.40219.1
Project("{2150E333-8FDC-42A3-9474-1A3956D46DE8}") = "src", "src", "{74C54400-A41C-469C-A0A2-789DDEDB88BB}"
EndProject
Project("{2150E333-8FDC-42A3-9474-1A3956D46DE8}") = "Solution Items", "Solution Items", "{A1A692EB-91E8-4E8E-B9C5-0D2BB347EAC3}"
	ProjectSection(SolutionItems) = preProject
		global.json = global.json
	EndProjectSection
EndProject
Project("{8BB2217D-0F2D-49D1-97BC-3654ED321F3B}") = "ATSimData", "src\ATSimData\ATSimData.xproj", "{101AF2B2-50A9-459F-A80D-492AA01717A4}"
EndProject
Project("{8BB2217D-0F2D-49D1-97BC-3654ED321F3B}") = "ATSimCommon", "src\ATSimCommon\ATSimCommon.xproj", "{A20110EA-3B48-4AC6-BD06-9604972BA5B0}"
EndProject
Project("{8BB2217D-0F2D-49D1-97BC-3654ED321F3B}") = "ATSimService", "src\ATSimService\ATSimService.xproj", "{B49AAAB1-0579-487E-9F32-5A2334AB7B2F}"
EndProject
Project("{8BB2217D-0F2D-49D1-97BC-3654ED321F3B}") = "ATSimEntity", "src\ATSimEntity\ATSimEntity.xproj", "{B3AD3F1E-04BE-44C1-81B3-8A63605B6467}"
EndProject
Project("{8BB2217D-0F2D-49D1-97BC-3654ED321F3B}") = "ATSimDto", "src\ATSimDto\ATSimDto.xproj", "{E6A661FC-215D-414B-BD61-4C52A8794CB8}"
EndProject
Project("{8BB2217D-0F2D-49D1-97BC-3654ED321F3B}") = "MysqlDatabasesScript", "src\MysqlDatabasesScript\MysqlDatabasesScript.xproj", "{037A3BD4-9FEB-4044-8E19-29F97E2CC54F}"
EndProject
Project("{8BB2217D-0F2D-49D1-97BC-3654ED321F3B}") = "ATSimWeb", "src\ATSimWeb\ATSimWeb.xproj", "{EAFA0180-E728-4E75-869F-82DC81A28D46}"
EndProject
Project("{8BB2217D-0F2D-49D1-97BC-3654ED321F3B}") = "ATSimServiceTest", "src\ATSimWebTest\ATSimServiceTest.xproj", "{85DA15C7-8C7F-4C2C-80CC-989EE5DDA0CD}"
EndProject
Global
	GlobalSection(SolutionConfigurationPlatforms) = preSolution
		Debug|Any CPU = Debug|Any CPU
		Release|Any CPU = Release|Any CPU
	EndGlobalSection
	GlobalSection(ProjectConfigurationPlatforms) = postSolution
		{101AF2B2-50A9-459F-A80D-492AA01717A4}.Debug|Any CPU.ActiveCfg = Debug|Any CPU
		{101AF2B2-50A9-459F-A80D-492AA01717A4}.Debug|Any CPU.Build.0 = Debug|Any CPU
		{101AF2B2-50A9-459F-A80D-492AA01717A4}.Release|Any CPU.ActiveCfg = Release|Any CPU
		{101AF2B2-50A9-459F-A80D-492AA01717A4}.Release|Any CPU.Build.0 = Release|Any CPU
		{A20110EA-3B48-4AC6-BD06-9604972BA5B0}.Debug|Any CPU.ActiveCfg = Debug|Any CPU
		{A20110EA-3B48-4AC6-BD06-9604972BA5B0}.Debug|Any CPU.Build.0 = Debug|Any CPU
		{A20110EA-3B48-4AC6-BD06-9604972BA5B0}.Release|Any CPU.ActiveCfg = Release|Any CPU
		{A20110EA-3B48-4AC6-BD06-9604972BA5B0}.Release|Any CPU.Build.0 = Release|Any CPU
		{B49AAAB1-0579-487E-9F32-5A2334AB7B2F}.Debug|Any CPU.ActiveCfg = Debug|Any CPU
		{B49AAAB1-0579-487E-9F32-5A2334AB7B2F}.Debug|Any CPU.Build.0 = Debug|Any CPU
		{B49AAAB1-0579-487E-9F32-5A2334AB7B2F}.Release|Any CPU.ActiveCfg = Release|Any CPU
		{B49AAAB1-0579-487E-9F32-5A2334AB7B2F}.Release|Any CPU.Build.0 = Release|Any CPU
		{B3AD3F1E-04BE-44C1-81B3-8A63605B6467}.Debug|Any CPU.ActiveCfg = Debug|Any CPU
		{B3AD3F1E-04BE-44C1-81B3-8A63605B6467}.Debug|Any CPU.Build.0 = Debug|Any CPU
		{B3AD3F1E-04BE-44C1-81B3-8A63605B6467}.Release|Any CPU.ActiveCfg = Release|Any CPU
		{B3AD3F1E-04BE-44C1-81B3-8A63605B6467}.Release|Any CPU.Build.0 = Release|Any CPU
		{E6A661FC-215D-414B-BD61-4C52A8794CB8}.Debug|Any CPU.ActiveCfg = Debug|Any CPU
		{E6A661FC-215D-414B-BD61-4C52A8794CB8}.Debug|Any CPU.Build.0 = Debug|Any CPU
		{E6A661FC-215D-414B-BD61-4C52A8794CB8}.Release|Any CPU.ActiveCfg = Release|Any CPU
		{E6A661FC-215D-414B-BD61-4C52A8794CB8}.Release|Any CPU.Build.0 = Release|Any CPU
		{037A3BD4-9FEB-4044-8E19-29F97E2CC54F}.Debug|Any CPU.ActiveCfg = Debug|Any CPU
		{037A3BD4-9FEB-4044-8E19-29F97E2CC54F}.Release|Any CPU.ActiveCfg = Release|Any CPU
		{037A3BD4-9FEB-4044-8E19-29F97E2CC54F}.Release|Any CPU.Build.0 = Release|Any CPU
		{EAFA0180-E728-4E75-869F-82DC81A28D46}.Debug|Any CPU.ActiveCfg = Debug|Any CPU
		{EAFA0180-E728-4E75-869F-82DC81A28D46}.Debug|Any CPU.Build.0 = Debug|Any CPU
		{EAFA0180-E728-4E75-869F-82DC81A28D46}.Release|Any CPU.ActiveCfg = Release|Any CPU
		{EAFA0180-E728-4E75-869F-82DC81A28D46}.Release|Any CPU.Build.0 = Release|Any CPU
		{85DA15C7-8C7F-4C2C-80CC-989EE5DDA0CD}.Debug|Any CPU.ActiveCfg = Debug|Any CPU
		{85DA15C7-8C7F-4C2C-80CC-989EE5DDA0CD}.Debug|Any CPU.Build.0 = Debug|Any CPU
		{85DA15C7-8C7F-4C2C-80CC-989EE5DDA0CD}.Release|Any CPU.ActiveCfg = Release|Any CPU
		{85DA15C7-8C7F-4C2C-80CC-989EE5DDA0CD}.Release|Any CPU.Build.0 = Release|Any CPU
	EndGlobalSection
	GlobalSection(SolutionProperties) = preSolution
		HideSolutionNode = FALSE
	EndGlobalSection
	GlobalSection(NestedProjects) = preSolution
		{101AF2B2-50A9-459F-A80D-492AA01717A4} = {74C54400-A41C-469C-A0A2-789DDEDB88BB}
		{A20110EA-3B48-4AC6-BD06-9604972BA5B0} = {74C54400-A41C-469C-A0A2-789DDEDB88BB}
		{B49AAAB1-0579-487E-9F32-5A2334AB7B2F} = {74C54400-A41C-469C-A0A2-789DDEDB88BB}
		{B3AD3F1E-04BE-44C1-81B3-8A63605B6467} = {74C54400-A41C-469C-A0A2-789DDEDB88BB}
		{E6A661FC-215D-414B-BD61-4C52A8794CB8} = {74C54400-A41C-469C-A0A2-789DDEDB88BB}
		{037A3BD4-9FEB-4044-8E19-29F97E2CC54F} = {74C54400-A41C-469C-A0A2-789DDEDB88BB}
		{EAFA0180-E728-4E75-869F-82DC81A28D46} = {74C54400-A41C-469C-A0A2-789DDEDB88BB}
		{85DA15C7-8C7F-4C2C-80CC-989EE5DDA0CD} = {74C54400-A41C-469C-A0A2-789DDEDB88BB}
	EndGlobalSection
EndGlobal
